
Microsoft Visual Studio Solution File, Format Version 12.00
# Visual Studio Version 16
VisualStudioVersion = 16.0.30907.101
MinimumVisualStudioVersion = 10.0.40219.1
Project("{9A19103F-16F7-4668-BE54-9A1E7A4F7556}") = "Entities", "Entities\Entities.csproj", "{80BCAE19-4A8B-49D8-9BB7-5F6D59152B24}"
EndProject
Project("{9A19103F-16F7-4668-BE54-9A1E7A4F7556}") = "DataAccess", "DataAccess\DataAccess.csproj", "{A0805EC0-956D-4B3A-86CB-7B07EF1ECE45}"
EndProject
Project("{9A19103F-16F7-4668-BE54-9A1E7A4F7556}") = "Business", "Business\Business.csproj", "{95B9F766-AE48-4ACE-9B6B-1DEF0605F27B}"
EndProject
Project("{9A19103F-16F7-4668-BE54-9A1E7A4F7556}") = "ConsoleUI", "ConsoleUI\ConsoleUI.csproj", "{EA2089A8-E1E4-4CDB-8F01-9E7F94DCC148}"
EndProject
Project("{9A19103F-16F7-4668-BE54-9A1E7A4F7556}") = "Core", "Core\Core.csproj", "{713FB3DB-9442-48D3-A66B-1A2FADFCB930}"
EndProject
Project("{FAE04EC0-301F-11D3-BF4B-00C04F79EFBC}") = "WebAPI", "WebAPI\WebAPI.csproj", "{C4E72F1E-6AF1-4216-8E3B-9AA3A9400604}"
EndProject
Global
	GlobalSection(SolutionConfigurationPlatforms) = preSolution
		Debug|Any CPU = Debug|Any CPU
		Release|Any CPU = Release|Any CPU
	EndGlobalSection
	GlobalSection(ProjectConfigurationPlatforms) = postSolution
		{80BCAE19-4A8B-49D8-9BB7-5F6D59152B24}.Debug|Any CPU.ActiveCfg = Debug|Any CPU
		{80BCAE19-4A8B-49D8-9BB7-5F6D59152B24}.Debug|Any CPU.Build.0 = Debug|Any CPU
		{80BCAE19-4A8B-49D8-9BB7-5F6D59152B24}.Release|Any CPU.ActiveCfg = Release|Any CPU
		{80BCAE19-4A8B-49D8-9BB7-5F6D59152B24}.Release|Any CPU.Build.0 = Release|Any CPU
		{A0805EC0-956D-4B3A-86CB-7B07EF1ECE45}.Debug|Any CPU.ActiveCfg = Debug|Any CPU
		{A0805EC0-956D-4B3A-86CB-7B07EF1ECE45}.Debug|Any CPU.Build.0 = Debug|Any CPU
		{A0805EC0-956D-4B3A-86CB-7B07EF1ECE45}.Release|Any CPU.ActiveCfg = Release|Any CPU
		{A0805EC0-956D-4B3A-86CB-7B07EF1ECE45}.Release|Any CPU.Build.0 = Release|Any CPU
		{95B9F766-AE48-4ACE-9B6B-1DEF0605F27B}.Debug|Any CPU.ActiveCfg = Debug|Any CPU
		{95B9F766-AE48-4ACE-9B6B-1DEF0605F27B}.Debug|Any CPU.Build.0 = Debug|Any CPU
		{95B9F766-AE48-4ACE-9B6B-1DEF0605F27B}.Release|Any CPU.ActiveCfg = Release|Any CPU
		{95B9F766-AE48-4ACE-9B6B-1DEF0605F27B}.Release|Any CPU.Build.0 = Release|Any CPU
		{EA2089A8-E1E4-4CDB-8F01-9E7F94DCC148}.Debug|Any CPU.ActiveCfg = Debug|Any CPU
		{EA2089A8-E1E4-4CDB-8F01-9E7F94DCC148}.Debug|Any CPU.Build.0 = Debug|Any CPU
		{EA2089A8-E1E4-4CDB-8F01-9E7F94DCC148}.Release|Any CPU.ActiveCfg = Release|Any CPU
		{EA2089A8-E1E4-4CDB-8F01-9E7F94DCC148}.Release|Any CPU.Build.0 = Release|Any CPU
		{713FB3DB-9442-48D3-A66B-1A2FADFCB930}.Debug|Any CPU.ActiveCfg = Debug|Any CPU
		{713FB3DB-9442-48D3-A66B-1A2FADFCB930}.Debug|Any CPU.Build.0 = Debug|Any CPU
		{713FB3DB-9442-48D3-A66B-1A2FADFCB930}.Release|Any CPU.ActiveCfg = Release|Any CPU
		{713FB3DB-9442-48D3-A66B-1A2FADFCB930}.Release|Any CPU.Build.0 = Release|Any CPU
		{C4E72F1E-6AF1-4216-8E3B-9AA3A9400604}.Debug|Any CPU.ActiveCfg = Debug|Any CPU
		{C4E72F1E-6AF1-4216-8E3B-9AA3A9400604}.Debug|Any CPU.Build.0 = Debug|Any CPU
		{C4E72F1E-6AF1-4216-8E3B-9AA3A9400604}.Release|Any CPU.ActiveCfg = Release|Any CPU
		{C4E72F1E-6AF1-4216-8E3B-9AA3A9400604}.Release|Any CPU.Build.0 = Release|Any CPU
	EndGlobalSection
	GlobalSection(SolutionProperties) = preSolution
		HideSolutionNode = FALSE
	EndGlobalSection
	GlobalSection(ExtensibilityGlobals) = postSolution
		SolutionGuid = {99CC1D57-75EE-4FD2-9838-609FC7FABDAB}
	EndGlobalSection
EndGlobal
